
Microsoft Visual Studio Solution File, Format Version 12.00
# Visual Studio 2015
Project("{FAE04EC0-301F-11D3-BF4B-00C04F79EFBC}") = "RabbitHole", "RabbitHole.csproj", "{E4E5204A-8D7B-FD54-BE33-C30C05A5D41C}"
EndProject
Project("{FAE04EC0-301F-11D3-BF4B-00C04F79EFBC}") = "RabbitHole.Editor", "RabbitHole.Editor.csproj", "{6C177877-B102-EB7F-03FD-F93E4893FCDB}"
EndProject
Global
	GlobalSection(SolutionConfigurationPlatforms) = preSolution
		Debug|Any CPU = Debug|Any CPU
		Release|Any CPU = Release|Any CPU
	EndGlobalSection
	GlobalSection(ProjectConfigurationPlatforms) = postSolution
		{E4E5204A-8D7B-FD54-BE33-C30C05A5D41C}.Debug|Any CPU.ActiveCfg = Debug|Any CPU
		{E4E5204A-8D7B-FD54-BE33-C30C05A5D41C}.Debug|Any CPU.Build.0 = Debug|Any CPU
		{E4E5204A-8D7B-FD54-BE33-C30C05A5D41C}.Release|Any CPU.ActiveCfg = Release|Any CPU
		{E4E5204A-8D7B-FD54-BE33-C30C05A5D41C}.Release|Any CPU.Build.0 = Release|Any CPU
		{6C177877-B102-EB7F-03FD-F93E4893FCDB}.Debug|Any CPU.ActiveCfg = Debug|Any CPU
		{6C177877-B102-EB7F-03FD-F93E4893FCDB}.Debug|Any CPU.Build.0 = Debug|Any CPU
		{6C177877-B102-EB7F-03FD-F93E4893FCDB}.Release|Any CPU.ActiveCfg = Release|Any CPU
		{6C177877-B102-EB7F-03FD-F93E4893FCDB}.Release|Any CPU.Build.0 = Release|Any CPU
	EndGlobalSection
	GlobalSection(SolutionProperties) = preSolution
		HideSolutionNode = FALSE
	EndGlobalSection
EndGlobal
